// !$*UTF8*$!
{
	archiveVersion = 1;
	classes = {
	};
	objectVersion = 46;
	objects = {

/* Begin PBXBuildFile section */
		AA00F5501D61DC9F00FBB328 /* main.m in Sources */ = {isa = PBXBuildFile; fileRef = AA00F54F1D61DC9F00FBB328 /* main.m */; };
		AA00F5531D61DC9F00FBB328 /* AppDelegate.m in Sources */ = {isa = PBXBuildFile; fileRef = AA00F5521D61DC9F00FBB328 /* AppDelegate.m */; };
		AA00F5561D61DC9F00FBB328 /* ViewController.m in Sources */ = {isa = PBXBuildFile; fileRef = AA00F5551D61DC9F00FBB328 /* ViewController.m */; };
		AA00F5591D61DC9F00FBB328 /* Main.storyboard in Resources */ = {isa = PBXBuildFile; fileRef = AA00F5571D61DC9F00FBB328 /* Main.storyboard */; };
		AA00F55B1D61DC9F00FBB328 /* Assets.xcassets in Resources */ = {isa = PBXBuildFile; fileRef = AA00F55A1D61DC9F00FBB328 /* Assets.xcassets */; };
		AA00F55E1D61DC9F00FBB328 /* LaunchScreen.storyboard in Resources */ = {isa = PBXBuildFile; fileRef = AA00F55C1D61DC9F00FBB328 /* LaunchScreen.storyboard */; };
		AA00F56E1D61DCDB00FBB328 /* CSAnimationViewController.m in Sources */ = {isa = PBXBuildFile; fileRef = AA00F56B1D61DCDB00FBB328 /* CSAnimationViewController.m */; };
		AA00F5711D61E7C800FBB328 /* CSAnimationTabBarController.m in Sources */ = {isa = PBXBuildFile; fileRef = AA00F5701D61E7C800FBB328 /* CSAnimationTabBarController.m */; };
/* End PBXBuildFile section */

/* Begin PBXFileReference section */
		AA00F54B1D61DC9F00FBB328 /* CSAnimationsExample.app */ = {isa = PBXFileReference; explicitFileType = wrapper.application; includeInIndex = 0; path = CSAnimationsExample.app; sourceTree = BUILT_PRODUCTS_DIR; };
		AA00F54F1D61DC9F00FBB328 /* main.m */ = {isa = PBXFileReference; lastKnownFileType = sourcecode.c.objc; path = main.m; sourceTree = "<group>"; };
		AA00F5511D61DC9F00FBB328 /* AppDelegate.h */ = {isa = PBXFileReference; lastKnownFileType = sourcecode.c.h; path = AppDelegate.h; sourceTree = "<group>"; };
		AA00F5521D61DC9F00FBB328 /* AppDelegate.m */ = {isa = PBXFileReference; lastKnownFileType = sourcecode.c.objc; path = AppDelegate.m; sourceTree = "<group>"; };
		AA00F5541D61DC9F00FBB328 /* ViewController.h */ = {isa = PBXFileReference; lastKnownFileType = sourcecode.c.h; path = ViewController.h; sourceTree = "<group>"; };
		AA00F5551D61DC9F00FBB328 /* ViewController.m */ = {isa = PBXFileReference; lastKnownFileType = sourcecode.c.objc; path = ViewController.m; sourceTree = "<group>"; };
		AA00F5581D61DC9F00FBB328 /* Base */ = {isa = PBXFileReference; lastKnownFileType = file.storyboard; name = Base; path = Base.lproj/Main.storyboard; sourceTree = "<group>"; };
		AA00F55A1D61DC9F00FBB328 /* Assets.xcassets */ = {isa = PBXFileReference; lastKnownFileType = folder.assetcatalog; path = Assets.xcassets; sourceTree = "<group>"; };
		AA00F55D1D61DC9F00FBB328 /* Base */ = {isa = PBXFileReference; lastKnownFileType = file.storyboard; name = Base; path = Base.lproj/LaunchScreen.storyboard; sourceTree = "<group>"; };
		AA00F55F1D61DC9F00FBB328 /* Info.plist */ = {isa = PBXFileReference; lastKnownFileType = text.plist.xml; path = Info.plist; sourceTree = "<group>"; };
		AA00F56A1D61DCDB00FBB328 /* CSAnimationViewController.h */ = {isa = PBXFileReference; fileEncoding = 4; lastKnownFileType = sourcecode.c.h; path = CSAnimationViewController.h; sourceTree = "<group>"; };
		AA00F56B1D61DCDB00FBB328 /* CSAnimationViewController.m */ = {isa = PBXFileReference; fileEncoding = 4; lastKnownFileType = sourcecode.c.objc; path = CSAnimationViewController.m; sourceTree = "<group>"; };
		AA00F56F1D61E7C800FBB328 /* CSAnimationTabBarController.h */ = {isa = PBXFileReference; fileEncoding = 4; lastKnownFileType = sourcecode.c.h; path = CSAnimationTabBarController.h; sourceTree = "<group>"; };
		AA00F5701D61E7C800FBB328 /* CSAnimationTabBarController.m */ = {isa = PBXFileReference; fileEncoding = 4; lastKnownFileType = sourcecode.c.objc; path = CSAnimationTabBarController.m; sourceTree = "<group>"; };
/* End PBXFileReference section */

/* Begin PBXFrameworksBuildPhase section */
		AA00F5481D61DC9F00FBB328 /* Frameworks */ = {
			isa = PBXFrameworksBuildPhase;
			buildActionMask = 2147483647;
			files = (
			);
			runOnlyForDeploymentPostprocessing = 0;
		};
/* End PBXFrameworksBuildPhase section */

/* Begin PBXGroup section */
		AA00F5421D61DC9F00FBB328 = {
			isa = PBXGroup;
			children = (
				AA00F54D1D61DC9F00FBB328 /* CSAnimationsExample */,
				AA00F54C1D61DC9F00FBB328 /* Products */,
			);
			sourceTree = "<group>";
		};
		AA00F54C1D61DC9F00FBB328 /* Products */ = {
			isa = PBXGroup;
			children = (
				AA00F54B1D61DC9F00FBB328 /* CSAnimationsExample.app */,
			);
			name = Products;
			sourceTree = "<group>";
		};
		AA00F54D1D61DC9F00FBB328 /* CSAnimationsExample */ = {
			isa = PBXGroup;
			children = (
				AA00F5651D61DCDB00FBB328 /* CSAnimations */,
				AA00F5511D61DC9F00FBB328 /* AppDelegate.h */,
				AA00F5521D61DC9F00FBB328 /* AppDelegate.m */,
				AA00F5541D61DC9F00FBB328 /* ViewController.h */,
				AA00F5551D61DC9F00FBB328 /* ViewController.m */,
				AA00F5571D61DC9F00FBB328 /* Main.storyboard */,
				AA00F55A1D61DC9F00FBB328 /* Assets.xcassets */,
				AA00F55C1D61DC9F00FBB328 /* LaunchScreen.storyboard */,
				AA00F55F1D61DC9F00FBB328 /* Info.plist */,
				AA00F54E1D61DC9F00FBB328 /* Supporting Files */,
			);
			path = CSAnimationsExample;
			sourceTree = "<group>";
		};
		AA00F54E1D61DC9F00FBB328 /* Supporting Files */ = {
			isa = PBXGroup;
			children = (
				AA00F54F1D61DC9F00FBB328 /* main.m */,
			);
			name = "Supporting Files";
			sourceTree = "<group>";
		};
		AA00F5651D61DCDB00FBB328 /* CSAnimations */ = {
			isa = PBXGroup;
			children = (
				AA00F56A1D61DCDB00FBB328 /* CSAnimationViewController.h */,
				AA00F56B1D61DCDB00FBB328 /* CSAnimationViewController.m */,
				AA00F56F1D61E7C800FBB328 /* CSAnimationTabBarController.h */,
				AA00F5701D61E7C800FBB328 /* CSAnimationTabBarController.m */,
			);
			path = CSAnimations;
			sourceTree = SOURCE_ROOT;
		};
/* End PBXGroup section */

/* Begin PBXNativeTarget section */
		AA00F54A1D61DC9F00FBB328 /* CSAnimationsExample */ = {
			isa = PBXNativeTarget;
			buildConfigurationList = AA00F5621D61DC9F00FBB328 /* Build configuration list for PBXNativeTarget "CSAnimationsExample" */;
			buildPhases = (
				AA00F5471D61DC9F00FBB328 /* Sources */,
				AA00F5481D61DC9F00FBB328 /* Frameworks */,
				AA00F5491D61DC9F00FBB328 /* Resources */,
			);
			buildRules = (
			);
			dependencies = (
			);
			name = CSAnimationsExample;
			productName = CSAnimationsExample;
			productReference = AA00F54B1D61DC9F00FBB328 /* CSAnimationsExample.app */;
			productType = "com.apple.product-type.application";
		};
/* End PBXNativeTarget section */

/* Begin PBXProject section */
		AA00F5431D61DC9F00FBB328 /* Project object */ = {
			isa = PBXProject;
			attributes = {
				LastUpgradeCheck = 0730;
				ORGANIZATIONNAME = CoderXSLee;
				TargetAttributes = {
					AA00F54A1D61DC9F00FBB328 = {
						CreatedOnToolsVersion = 7.3.1;
					};
				};
			};
			buildConfigurationList = AA00F5461D61DC9F00FBB328 /* Build configuration list for PBXProject "CSAnimationsExample" */;
			compatibilityVersion = "Xcode 3.2";
			developmentRegion = English;
			hasScannedForEncodings = 0;
			knownRegions = (
				en,
				Base,
			);
			mainGroup = AA00F5421D61DC9F00FBB328;
			productRefGroup = AA00F54C1D61DC9F00FBB328 /* Products */;
			projectDirPath = "";
			projectRoot = "";
			targets = (
				AA00F54A1D61DC9F00FBB328 /* CSAnimationsExample */,
			);
		};
/* End PBXProject section */

/* Begin PBXResourcesBuildPhase section */
		AA00F5491D61DC9F00FBB328 /* Resources */ = {
			isa = PBXResourcesBuildPhase;
			buildActionMask = 2147483647;
			files = (
				AA00F55E1D61DC9F00FBB328 /* LaunchScreen.storyboard in Resources */,
				AA00F55B1D61DC9F00FBB328 /* Assets.xcassets in Resources */,
				AA00F5591D61DC9F00FBB328 /* Main.storyboard in Resources */,
			);
			runOnlyForDeploymentPostprocessing = 0;
		};
/* End PBXResourcesBuildPhase section */

/* Begin PBXSourcesBuildPhase section */
		AA00F5471D61DC9F00FBB328 /* Sources */ = {
			isa = PBXSourcesBuildPhase;
			buildActionMask = 2147483647;
			files = (
				AA00F5561D61DC9F00FBB328 /* ViewController.m in Sources */,
				AA00F5531D61DC9F00FBB328 /* AppDelegate.m in Sources */,
				AA00F5711D61E7C800FBB328 /* CSAnimationTabBarController.m in Sources */,
				AA00F56E1D61DCDB00FBB328 /* CSAnimationViewController.m in Sources */,
				AA00F5501D61DC9F00FBB328 /* main.m in Sources */,
			);
			runOnlyForDeploymentPostprocessing = 0;
		};
/* End PBXSourcesBuildPhase section */

/* Begin PBXVariantGroup section */
		AA00F5571D61DC9F00FBB328 /* Main.storyboard */ = {
			isa = PBXVariantGroup;
			children = (
				AA00F5581D61DC9F00FBB328 /* Base */,
			);
			name = Main.storyboard;
			sourceTree = "<group>";
		};
		AA00F55C1D61DC9F00FBB328 /* LaunchScreen.storyboard */ = {
			isa = PBXVariantGroup;
			children = (
				AA00F55D1D61DC9F00FBB328 /* Base */,
			);
			name = LaunchScreen.storyboard;
			sourceTree = "<group>";
		};
/* End PBXVariantGroup section */

/* Begin XCBuildConfiguration section */
		AA00F5601D61DC9F00FBB328 /* Debug */ = {
			isa = XCBuildConfiguration;
			buildSettings = {
				ALWAYS_SEARCH_USER_PATHS = NO;
				CLANG_ANALYZER_NONNULL = YES;
				CLANG_CXX_LANGUAGE_STANDARD = "gnu++0x";
				CLANG_CXX_LIBRARY = "libc++";
				CLANG_ENABLE_MODULES = YES;
				CLANG_ENABLE_OBJC_ARC = YES;
				CLANG_WARN_BOOL_CONVERSION = YES;
				CLANG_WARN_CONSTANT_CONVERSION = YES;
				CLANG_WARN_DIRECT_OBJC_ISA_USAGE = YES_ERROR;
				CLANG_WARN_EMPTY_BODY = YES;
				CLANG_WARN_ENUM_CONVERSION = YES;
				CLANG_WARN_INT_CONVERSION = YES;
				CLANG_WARN_OBJC_ROOT_CLASS = YES_ERROR;
				CLANG_WARN_UNREACHABLE_CODE = YES;
				CLANG_WARN__DUPLICATE_METHOD_MATCH = YES;
				"CODE_SIGN_IDENTITY[sdk=iphoneos*]" = "iPhone Developer";
				COPY_PHASE_STRIP = NO;
				DEBUG_INFORMATION_FORMAT = dwarf;
				ENABLE_STRICT_OBJC_MSGSEND = YES;
				ENABLE_TESTABILITY = YES;
				GCC_C_LANGUAGE_STANDARD = gnu99;
				GCC_DYNAMIC_NO_PIC = NO;
				GCC_NO_COMMON_BLOCKS = YES;
				GCC_OPTIMIZATION_LEVEL = 0;
				GCC_PREPROCESSOR_DEFINITIONS = (
					"DEBUG=1",
					"$(inherited)",
				);
				GCC_WARN_64_TO_32_BIT_CONVERSION = YES;
				GCC_WARN_ABOUT_RETURN_TYPE = YES_ERROR;
				GCC_WARN_UNDECLARED_SELECTOR = YES;
				GCC_WARN_UNINITIALIZED_AUTOS = YES_AGGRESSIVE;
				GCC_WARN_UNUSED_FUNCTION = YES;
				GCC_WARN_UNUSED_VARIABLE = YES;
				IPHONEOS_DEPLOYMENT_TARGET = 9.3;
				MTL_ENABLE_DEBUG_INFO = YES;
				ONLY_ACTIVE_ARCH = YES;
				SDKROOT = iphoneos;
			};
			name = Debug;
		};
		AA00F5611D61DC9F00FBB328 /* Release */ = {
			isa = XCBuildConfiguration;
			buildSettings = {
				ALWAYS_SEARCH_USER_PATHS = NO;
				CLANG_ANALYZER_NONNULL = YES;
				CLANG_CXX_LANGUAGE_STANDARD = "gnu++0x";
				CLANG_CXX_LIBRARY = "libc++";
				CLANG_ENABLE_MODULES = YES;
				CLANG_ENABLE_OBJC_ARC = YES;
				CLANG_WARN_BOOL_CONVERSION = YES;
				CLANG_WARN_CONSTANT_CONVERSION = YES;
				CLANG_WARN_DIRECT_OBJC_ISA_USAGE = YES_ERROR;
				CLANG_WARN_EMPTY_BODY = YES;
				CLANG_WARN_ENUM_CONVERSION = YES;
				CLANG_WARN_INT_CONVERSION = YES;
				CLANG_WARN_OBJC_ROOT_CLASS = YES_ERROR;
				CLANG_WARN_UNREACHABLE_CODE = YES;
				CLANG_WARN__DUPLICATE_METHOD_MATCH = YES;
				"CODE_SIGN_IDENTITY[sdk=iphoneos*]" = "iPhone Developer";
				COPY_PHASE_STRIP = NO;
				DEBUG_INFORMATION_FORMAT = "dwarf-with-dsym";
				ENABLE_NS_ASSERTIONS = NO;
				ENABLE_STRICT_OBJC_MSGSEND = YES;
				GCC_C_LANGUAGE_STANDARD = gnu99;
				GCC_NO_COMMON_BLOCKS = YES;
				GCC_WARN_64_TO_32_BIT_CONVERSION = YES;
				GCC_WARN_ABOUT_RETURN_TYPE = YES_ERROR;
				GCC_WARN_UNDECLARED_SELECTOR = YES;
				GCC_WARN_UNINITIALIZED_AUTOS = YES_AGGRESSIVE;
				GCC_WARN_UNUSED_FUNCTION = YES;
				GCC_WARN_UNUSED_VARIABLE = YES;
				IPHONEOS_DEPLOYMENT_TARGET = 9.3;
				MTL_ENABLE_DEBUG_INFO = NO;
				SDKROOT = iphoneos;
				VALIDATE_PRODUCT = YES;
			};
			name = Release;
		};
		AA00F5631D61DC9F00FBB328 /* Debug */ = {
			isa = XCBuildConfiguration;
			buildSettings = {
				ASSETCATALOG_COMPILER_APPICON_NAME = AppIcon;
				INFOPLIST_FILE = CSAnimationsExample/Info.plist;
				IPHONEOS_DEPLOYMENT_TARGET = 7.0;
				LD_RUNPATH_SEARCH_PATHS = "$(inherited) @executable_path/Frameworks";
				PRODUCT_BUNDLE_IDENTIFIER = sdd.CSAnimationsExample;
				PRODUCT_NAME = "$(TARGET_NAME)";
			};
			name = Debug;
		};
		AA00F5641D61DC9F00FBB328 /* Release */ = {
			isa = XCBuildConfiguration;
			buildSettings = {
				ASSETCATALOG_COMPILER_APPICON_NAME = AppIcon;
				INFOPLIST_FILE = CSAnimationsExample/Info.plist;
				IPHONEOS_DEPLOYMENT_TARGET = 7.0;
				LD_RUNPATH_SEARCH_PATHS = "$(inherited) @executable_path/Frameworks";
				PRODUCT_BUNDLE_IDENTIFIER = sdd.CSAnimationsExample;
				PRODUCT_NAME = "$(TARGET_NAME)";
			};
			name = Release;
		};
/* End XCBuildConfiguration section */

/* Begin XCConfigurationList section */
		AA00F5461D61DC9F00FBB328 /* Build configuration list for PBXProject "CSAnimationsExample" */ = {
			isa = XCConfigurationList;
			buildConfigurations = (
				AA00F5601D61DC9F00FBB328 /* Debug */,
				AA00F5611D61DC9F00FBB328 /* Release */,
			);
			defaultConfigurationIsVisible = 0;
			defaultConfigurationName = Release;
		};
		AA00F5621D61DC9F00FBB328 /* Build configuration list for PBXNativeTarget "CSAnimationsExample" */ = {
			isa = XCConfigurationList;
			buildConfigurations = (
				AA00F5631D61DC9F00FBB328 /* Debug */,
				AA00F5641D61DC9F00FBB328 /* Release */,
			);
			defaultConfigurationIsVisible = 0;
			defaultConfigurationName = Release;
		};
/* End XCConfigurationList section */
	};
	rootObject = AA00F5431D61DC9F00FBB328 /* Project object */;
}
